
Microsoft Visual Studio Solution File, Format Version 12.00
# Visual Studio Version 16
VisualStudioVersion = 16.0.32002.261
MinimumVisualStudioVersion = 10.0.40219.1
Project("{FAE04EC0-301F-11D3-BF4B-00C04F79EFBC}") = "WpfApp1", "WpfApp1.csproj", "{73664F3E-C791-4793-AE41-77D0707CAF36}"
EndProject
Global
	GlobalSection(SolutionConfigurationPlatforms) = preSolution
		Debug|Any CPU = Debug|Any CPU
		Release|Any CPU = Release|Any CPU
	EndGlobalSection
	GlobalSection(ProjectConfigurationPlatforms) = postSolution
		{73664F3E-C791-4793-AE41-77D0707CAF36}.Debug|Any CPU.ActiveCfg = Debug|Any CPU
		{73664F3E-C791-4793-AE41-77D0707CAF36}.Debug|Any CPU.Build.0 = Debug|Any CPU
		{73664F3E-C791-4793-AE41-77D0707CAF36}.Release|Any CPU.ActiveCfg = Release|Any CPU
		{73664F3E-C791-4793-AE41-77D0707CAF36}.Release|Any CPU.Build.0 = Release|Any CPU
	EndGlobalSection
	GlobalSection(SolutionProperties) = preSolution
		HideSolutionNode = FALSE
	EndGlobalSection
	GlobalSection(ExtensibilityGlobals) = postSolution
		SolutionGuid = {5EA38191-01E2-4D94-80A4-A8292D57F9BE}
	EndGlobalSection
EndGlobal
